
Microsoft Visual Studio Solution File, Format Version 12.00
# Visual Studio Version 16
VisualStudioVersion = 16.0.31105.61
MinimumVisualStudioVersion = 10.0.40219.1
Project("{FAE04EC0-301F-11D3-BF4B-00C04F79EFBC}") = "API_App", "API_App\API_App.csproj", "{E9179186-209D-4694-8698-B3A31AE30119}"
EndProject
Project("{FAE04EC0-301F-11D3-BF4B-00C04F79EFBC}") = "APITests", "APITests\APITests.csproj", "{846DB9FF-3173-449C-A63E-D7824AE22A82}"
EndProject
Global
	GlobalSection(SolutionConfigurationPlatforms) = preSolution
		Debug|Any CPU = Debug|Any CPU
		Release|Any CPU = Release|Any CPU
	EndGlobalSection
	GlobalSection(ProjectConfigurationPlatforms) = postSolution
		{E9179186-209D-4694-8698-B3A31AE30119}.Debug|Any CPU.ActiveCfg = Debug|Any CPU
		{E9179186-209D-4694-8698-B3A31AE30119}.Debug|Any CPU.Build.0 = Debug|Any CPU
		{E9179186-209D-4694-8698-B3A31AE30119}.Release|Any CPU.ActiveCfg = Release|Any CPU
		{E9179186-209D-4694-8698-B3A31AE30119}.Release|Any CPU.Build.0 = Release|Any CPU
		{846DB9FF-3173-449C-A63E-D7824AE22A82}.Debug|Any CPU.ActiveCfg = Debug|Any CPU
		{846DB9FF-3173-449C-A63E-D7824AE22A82}.Debug|Any CPU.Build.0 = Debug|Any CPU
		{846DB9FF-3173-449C-A63E-D7824AE22A82}.Release|Any CPU.ActiveCfg = Release|Any CPU
		{846DB9FF-3173-449C-A63E-D7824AE22A82}.Release|Any CPU.Build.0 = Release|Any CPU
	EndGlobalSection
	GlobalSection(SolutionProperties) = preSolution
		HideSolutionNode = FALSE
	EndGlobalSection
	GlobalSection(ExtensibilityGlobals) = postSolution
		SolutionGuid = {5087DD37-9A1F-4D21-9D84-2311DA8639D3}
	EndGlobalSection
EndGlobal
